// !$*UTF8*$!
{
	archiveVersion = 1;
	classes = {
	};
	objectVersion = 50;
	objects = {

/* Begin PBXBuildFile section */
		A4AFACF625FFAD1F004B8E4C /* AppDelegate.swift in Sources */ = {isa = PBXBuildFile; fileRef = A4AFACF525FFAD1F004B8E4C /* AppDelegate.swift */; };
		A4AFACF825FFAD1F004B8E4C /* SceneDelegate.swift in Sources */ = {isa = PBXBuildFile; fileRef = A4AFACF725FFAD1F004B8E4C /* SceneDelegate.swift */; };
		A4AFACFA25FFAD1F004B8E4C /* ViewController.swift in Sources */ = {isa = PBXBuildFile; fileRef = A4AFACF925FFAD1F004B8E4C /* ViewController.swift */; };
		A4AFACFD25FFAD1F004B8E4C /* Main.storyboard in Resources */ = {isa = PBXBuildFile; fileRef = A4AFACFB25FFAD1F004B8E4C /* Main.storyboard */; };
		A4AFACFF25FFAD26004B8E4C /* Assets.xcassets in Resources */ = {isa = PBXBuildFile; fileRef = A4AFACFE25FFAD26004B8E4C /* Assets.xcassets */; };
		A4AFAD0225FFAD26004B8E4C /* LaunchScreen.storyboard in Resources */ = {isa = PBXBuildFile; fileRef = A4AFAD0025FFAD26004B8E4C /* LaunchScreen.storyboard */; };
/* End PBXBuildFile section */

/* Begin PBXFileReference section */
		A4AFACF225FFAD1F004B8E4C /* ColorFinder.app */ = {isa = PBXFileReference; explicitFileType = wrapper.application; includeInIndex = 0; path = ColorFinder.app; sourceTree = BUILT_PRODUCTS_DIR; };
		A4AFACF525FFAD1F004B8E4C /* AppDelegate.swift */ = {isa = PBXFileReference; lastKnownFileType = sourcecode.swift; path = AppDelegate.swift; sourceTree = "<group>"; };
		A4AFACF725FFAD1F004B8E4C /* SceneDelegate.swift */ = {isa = PBXFileReference; lastKnownFileType = sourcecode.swift; path = SceneDelegate.swift; sourceTree = "<group>"; };
		A4AFACF925FFAD1F004B8E4C /* ViewController.swift */ = {isa = PBXFileReference; lastKnownFileType = sourcecode.swift; path = ViewController.swift; sourceTree = "<group>"; };
		A4AFACFC25FFAD1F004B8E4C /* Base */ = {isa = PBXFileReference; lastKnownFileType = file.storyboard; name = Base; path = Base.lproj/Main.storyboard; sourceTree = "<group>"; };
		A4AFACFE25FFAD26004B8E4C /* Assets.xcassets */ = {isa = PBXFileReference; lastKnownFileType = folder.assetcatalog; path = Assets.xcassets; sourceTree = "<group>"; };
		A4AFAD0125FFAD26004B8E4C /* Base */ = {isa = PBXFileReference; lastKnownFileType = file.storyboard; name = Base; path = Base.lproj/LaunchScreen.storyboard; sourceTree = "<group>"; };
		A4AFAD0325FFAD26004B8E4C /* Info.plist */ = {isa = PBXFileReference; lastKnownFileType = text.plist.xml; path = Info.plist; sourceTree = "<group>"; };
/* End PBXFileReference section */

/* Begin PBXFrameworksBuildPhase section */
		A4AFACEF25FFAD1F004B8E4C /* Frameworks */ = {
			isa = PBXFrameworksBuildPhase;
			buildActionMask = 2147483647;
			files = (
			);
			runOnlyForDeploymentPostprocessing = 0;
		};
/* End PBXFrameworksBuildPhase section */

/* Begin PBXGroup section */
		A4AFACE925FFAD1F004B8E4C = {
			isa = PBXGroup;
			children = (
				A4AFACF425FFAD1F004B8E4C /* ColorFinder */,
				A4AFACF325FFAD1F004B8E4C /* Products */,
			);
			sourceTree = "<group>";
		};
		A4AFACF325FFAD1F004B8E4C /* Products */ = {
			isa = PBXGroup;
			children = (
				A4AFACF225FFAD1F004B8E4C /* ColorFinder.app */,
			);
			name = Products;
			sourceTree = "<group>";
		};
		A4AFACF425FFAD1F004B8E4C /* ColorFinder */ = {
			isa = PBXGroup;
			children = (
				A4AFACF525FFAD1F004B8E4C /* AppDelegate.swift */,
				A4AFACF725FFAD1F004B8E4C /* SceneDelegate.swift */,
				A4AFACF925FFAD1F004B8E4C /* ViewController.swift */,
				A4AFACFB25FFAD1F004B8E4C /* Main.storyboard */,
				A4AFACFE25FFAD26004B8E4C /* Assets.xcassets */,
				A4AFAD0025FFAD26004B8E4C /* LaunchScreen.storyboard */,
				A4AFAD0325FFAD26004B8E4C /* Info.plist */,
			);
			path = ColorFinder;
			sourceTree = "<group>";
		};
/* End PBXGroup section */

/* Begin PBXNativeTarget section */
		A4AFACF125FFAD1F004B8E4C /* ColorFinder */ = {
			isa = PBXNativeTarget;
			buildConfigurationList = A4AFAD0625FFAD26004B8E4C /* Build configuration list for PBXNativeTarget "ColorFinder" */;
			buildPhases = (
				A4AFACEE25FFAD1F004B8E4C /* Sources */,
				A4AFACEF25FFAD1F004B8E4C /* Frameworks */,
				A4AFACF025FFAD1F004B8E4C /* Resources */,
			);
			buildRules = (
			);
			dependencies = (
			);
			name = ColorFinder;
			productName = ColorFinder;
			productReference = A4AFACF225FFAD1F004B8E4C /* ColorFinder.app */;
			productType = "com.apple.product-type.application";
		};
/* End PBXNativeTarget section */

/* Begin PBXProject section */
		A4AFACEA25FFAD1F004B8E4C /* Project object */ = {
			isa = PBXProject;
			attributes = {
				LastSwiftUpdateCheck = 1240;
				LastUpgradeCheck = 1240;
				TargetAttributes = {
					A4AFACF125FFAD1F004B8E4C = {
						CreatedOnToolsVersion = 12.4;
					};
				};
			};
			buildConfigurationList = A4AFACED25FFAD1F004B8E4C /* Build configuration list for PBXProject "ColorFinder" */;
			compatibilityVersion = "Xcode 9.3";
			developmentRegion = en;
			hasScannedForEncodings = 0;
			knownRegions = (
				en,
				Base,
			);
			mainGroup = A4AFACE925FFAD1F004B8E4C;
			productRefGroup = A4AFACF325FFAD1F004B8E4C /* Products */;
			projectDirPath = "";
			projectRoot = "";
			targets = (
				A4AFACF125FFAD1F004B8E4C /* ColorFinder */,
			);
		};
/* End PBXProject section */

/* Begin PBXResourcesBuildPhase section */
		A4AFACF025FFAD1F004B8E4C /* Resources */ = {
			isa = PBXResourcesBuildPhase;
			buildActionMask = 2147483647;
			files = (
				A4AFAD0225FFAD26004B8E4C /* LaunchScreen.storyboard in Resources */,
				A4AFACFF25FFAD26004B8E4C /* Assets.xcassets in Resources */,
				A4AFACFD25FFAD1F004B8E4C /* Main.storyboard in Resources */,
			);
			runOnlyForDeploymentPostprocessing = 0;
		};
/* End PBXResourcesBuildPhase section */

/* Begin PBXSourcesBuildPhase section */
		A4AFACEE25FFAD1F004B8E4C /* Sources */ = {
			isa = PBXSourcesBuildPhase;
			buildActionMask = 2147483647;
			files = (
				A4AFACFA25FFAD1F004B8E4C /* ViewController.swift in Sources */,
				A4AFACF625FFAD1F004B8E4C /* AppDelegate.swift in Sources */,
				A4AFACF825FFAD1F004B8E4C /* SceneDelegate.swift in Sources */,
			);
			runOnlyForDeploymentPostprocessing = 0;
		};
/* End PBXSourcesBuildPhase section */

/* Begin PBXVariantGroup section */
		A4AFACFB25FFAD1F004B8E4C /* Main.storyboard */ = {
			isa = PBXVariantGroup;
			children = (
				A4AFACFC25FFAD1F004B8E4C /* Base */,
			);
			name = Main.storyboard;
			sourceTree = "<group>";
		};
		A4AFAD0025FFAD26004B8E4C /* LaunchScreen.storyboard */ = {
			isa = PBXVariantGroup;
			children = (
				A4AFAD0125FFAD26004B8E4C /* Base */,
			);
			name = LaunchScreen.storyboard;
			sourceTree = "<group>";
		};
/* End PBXVariantGroup section */

/* Begin XCBuildConfiguration section */
		A4AFAD0425FFAD26004B8E4C /* Debug */ = {
			isa = XCBuildConfiguration;
			buildSettings = {
				ALWAYS_SEARCH_USER_PATHS = NO;
				CLANG_ANALYZER_NONNULL = YES;
				CLANG_ANALYZER_NUMBER_OBJECT_CONVERSION = YES_AGGRESSIVE;
				CLANG_CXX_LANGUAGE_STANDARD = "gnu++14";
				CLANG_CXX_LIBRARY = "libc++";
				CLANG_ENABLE_MODULES = YES;
				CLANG_ENABLE_OBJC_ARC = YES;
				CLANG_ENABLE_OBJC_WEAK = YES;
				CLANG_WARN_BLOCK_CAPTURE_AUTORELEASING = YES;
				CLANG_WARN_BOOL_CONVERSION = YES;
				CLANG_WARN_COMMA = YES;
				CLANG_WARN_CONSTANT_CONVERSION = YES;
				CLANG_WARN_DEPRECATED_OBJC_IMPLEMENTATIONS = YES;
				CLANG_WARN_DIRECT_OBJC_ISA_USAGE = YES_ERROR;
				CLANG_WARN_DOCUMENTATION_COMMENTS = YES;
				CLANG_WARN_EMPTY_BODY = YES;
				CLANG_WARN_ENUM_CONVERSION = YES;
				CLANG_WARN_INFINITE_RECURSION = YES;
				CLANG_WARN_INT_CONVERSION = YES;
				CLANG_WARN_NON_LITERAL_NULL_CONVERSION = YES;
				CLANG_WARN_OBJC_IMPLICIT_RETAIN_SELF = YES;
				CLANG_WARN_OBJC_LITERAL_CONVERSION = YES;
				CLANG_WARN_OBJC_ROOT_CLASS = YES_ERROR;
				CLANG_WARN_QUOTED_INCLUDE_IN_FRAMEWORK_HEADER = YES;
				CLANG_WARN_RANGE_LOOP_ANALYSIS = YES;
				CLANG_WARN_STRICT_PROTOTYPES = YES;
				CLANG_WARN_SUSPICIOUS_MOVE = YES;
				CLANG_WARN_UNGUARDED_AVAILABILITY = YES_AGGRESSIVE;
				CLANG_WARN_UNREACHABLE_CODE = YES;
				CLANG_WARN__DUPLICATE_METHOD_MATCH = YES;
				COPY_PHASE_STRIP = NO;
				DEBUG_INFORMATION_FORMAT = dwarf;
				ENABLE_STRICT_OBJC_MSGSEND = YES;
				ENABLE_TESTABILITY = YES;
				GCC_C_LANGUAGE_STANDARD = gnu11;
				GCC_DYNAMIC_NO_PIC = NO;
				GCC_NO_COMMON_BLOCKS = YES;
				GCC_OPTIMIZATION_LEVEL = 0;
				GCC_PREPROCESSOR_DEFINITIONS = (
					"DEBUG=1",
					"$(inherited)",
				);
				GCC_WARN_64_TO_32_BIT_CONVERSION = YES;
				GCC_WARN_ABOUT_RETURN_TYPE = YES_ERROR;
				GCC_WARN_UNDECLARED_SELECTOR = YES;
				GCC_WARN_UNINITIALIZED_AUTOS = YES_AGGRESSIVE;
				GCC_WARN_UNUSED_FUNCTION = YES;
				GCC_WARN_UNUSED_VARIABLE = YES;
				IPHONEOS_DEPLOYMENT_TARGET = 14.4;
				MTL_ENABLE_DEBUG_INFO = INCLUDE_SOURCE;
				MTL_FAST_MATH = YES;
				ONLY_ACTIVE_ARCH = YES;
				SDKROOT = iphoneos;
				SWIFT_ACTIVE_COMPILATION_CONDITIONS = DEBUG;
				SWIFT_OPTIMIZATION_LEVEL = "-Onone";
			};
			name = Debug;
		};
		A4AFAD0525FFAD26004B8E4C /* Release */ = {
			isa = XCBuildConfiguration;
			buildSettings = {
				ALWAYS_SEARCH_USER_PATHS = NO;
				CLANG_ANALYZER_NONNULL = YES;
				CLANG_ANALYZER_NUMBER_OBJECT_CONVERSION = YES_AGGRESSIVE;
				CLANG_CXX_LANGUAGE_STANDARD = "gnu++14";
				CLANG_CXX_LIBRARY = "libc++";
				CLANG_ENABLE_MODULES = YES;
				CLANG_ENABLE_OBJC_ARC = YES;
				CLANG_ENABLE_OBJC_WEAK = YES;
				CLANG_WARN_BLOCK_CAPTURE_AUTORELEASING = YES;
				CLANG_WARN_BOOL_CONVERSION = YES;
				CLANG_WARN_COMMA = YES;
				CLANG_WARN_CONSTANT_CONVERSION = YES;
				CLANG_WARN_DEPRECATED_OBJC_IMPLEMENTATIONS = YES;
				CLANG_WARN_DIRECT_OBJC_ISA_USAGE = YES_ERROR;
				CLANG_WARN_DOCUMENTATION_COMMENTS = YES;
				CLANG_WARN_EMPTY_BODY = YES;
				CLANG_WARN_ENUM_CONVERSION = YES;
				CLANG_WARN_INFINITE_RECURSION = YES;
				CLANG_WARN_INT_CONVERSION = YES;
				CLANG_WARN_NON_LITERAL_NULL_CONVERSION = YES;
				CLANG_WARN_OBJC_IMPLICIT_RETAIN_SELF = YES;
				CLANG_WARN_OBJC_LITERAL_CONVERSION = YES;
				CLANG_WARN_OBJC_ROOT_CLASS = YES_ERROR;
				CLANG_WARN_QUOTED_INCLUDE_IN_FRAMEWORK_HEADER = YES;
				CLANG_WARN_RANGE_LOOP_ANALYSIS = YES;
				CLANG_WARN_STRICT_PROTOTYPES = YES;
				CLANG_WARN_SUSPICIOUS_MOVE = YES;
				CLANG_WARN_UNGUARDED_AVAILABILITY = YES_AGGRESSIVE;
				CLANG_WARN_UNREACHABLE_CODE = YES;
				CLANG_WARN__DUPLICATE_METHOD_MATCH = YES;
				COPY_PHASE_STRIP = NO;
				DEBUG_INFORMATION_FORMAT = "dwarf-with-dsym";
				ENABLE_NS_ASSERTIONS = NO;
				ENABLE_STRICT_OBJC_MSGSEND = YES;
				GCC_C_LANGUAGE_STANDARD = gnu11;
				GCC_NO_COMMON_BLOCKS = YES;
				GCC_WARN_64_TO_32_BIT_CONVERSION = YES;
				GCC_WARN_ABOUT_RETURN_TYPE = YES_ERROR;
				GCC_WARN_UNDECLARED_SELECTOR = YES;
				GCC_WARN_UNINITIALIZED_AUTOS = YES_AGGRESSIVE;
				GCC_WARN_UNUSED_FUNCTION = YES;
				GCC_WARN_UNUSED_VARIABLE = YES;
				IPHONEOS_DEPLOYMENT_TARGET = 14.4;
				MTL_ENABLE_DEBUG_INFO = NO;
				MTL_FAST_MATH = YES;
				SDKROOT = iphoneos;
				SWIFT_COMPILATION_MODE = wholemodule;
				SWIFT_OPTIMIZATION_LEVEL = "-O";
				VALIDATE_PRODUCT = YES;
			};
			name = Release;
		};
		A4AFAD0725FFAD26004B8E4C /* Debug */ = {
			isa = XCBuildConfiguration;
			buildSettings = {
				ASSETCATALOG_COMPILER_APPICON_NAME = AppIcon;
				ASSETCATALOG_COMPILER_GLOBAL_ACCENT_COLOR_NAME = AccentColor;
				CODE_SIGN_STYLE = Automatic;
				DEVELOPMENT_TEAM = N77Y4M88C2;
				INFOPLIST_FILE = ColorFinder/Info.plist;
				LD_RUNPATH_SEARCH_PATHS = (
					"$(inherited)",
					"@executable_path/Frameworks",
				);
				PRODUCT_BUNDLE_IDENTIFIER = com.sophiawang.ColorFinder;
				PRODUCT_NAME = "$(TARGET_NAME)";
				SWIFT_VERSION = 5.0;
				TARGETED_DEVICE_FAMILY = "1,2";
			};
			name = Debug;
		};
		A4AFAD0825FFAD26004B8E4C /* Release */ = {
			isa = XCBuildConfiguration;
			buildSettings = {
				ASSETCATALOG_COMPILER_APPICON_NAME = AppIcon;
				ASSETCATALOG_COMPILER_GLOBAL_ACCENT_COLOR_NAME = AccentColor;
				CODE_SIGN_STYLE = Automatic;
				DEVELOPMENT_TEAM = N77Y4M88C2;
				INFOPLIST_FILE = ColorFinder/Info.plist;
				LD_RUNPATH_SEARCH_PATHS = (
					"$(inherited)",
					"@executable_path/Frameworks",
				);
				PRODUCT_BUNDLE_IDENTIFIER = com.sophiawang.ColorFinder;
				PRODUCT_NAME = "$(TARGET_NAME)";
				SWIFT_VERSION = 5.0;
				TARGETED_DEVICE_FAMILY = "1,2";
			};
			name = Release;
		};
/* End XCBuildConfiguration section */

/* Begin XCConfigurationList section */
		A4AFACED25FFAD1F004B8E4C /* Build configuration list for PBXProject "ColorFinder" */ = {
			isa = XCConfigurationList;
			buildConfigurations = (
				A4AFAD0425FFAD26004B8E4C /* Debug */,
				A4AFAD0525FFAD26004B8E4C /* Release */,
			);
			defaultConfigurationIsVisible = 0;
			defaultConfigurationName = Release;
		};
		A4AFAD0625FFAD26004B8E4C /* Build configuration list for PBXNativeTarget "ColorFinder" */ = {
			isa = XCConfigurationList;
			buildConfigurations = (
				A4AFAD0725FFAD26004B8E4C /* Debug */,
				A4AFAD0825FFAD26004B8E4C /* Release */,
			);
			defaultConfigurationIsVisible = 0;
			defaultConfigurationName = Release;
		};
/* End XCConfigurationList section */
	};
	rootObject = A4AFACEA25FFAD1F004B8E4C /* Project object */;
}
